
Microsoft Visual Studio Solution File, Format Version 12.00
# Visual Studio Version 16
VisualStudioVersion = 16.0.29806.167
MinimumVisualStudioVersion = 10.0.40219.1
Project("{FAE04EC0-301F-11D3-BF4B-00C04F79EFBC}") = "CSharp_Socket", "CSharp_Socket.csproj", "{6A65CDBB-C801-4E4E-AFB8-916834CDEE3D}"
EndProject
Global
	GlobalSection(SolutionConfigurationPlatforms) = preSolution
		Debug|Any CPU = Debug|Any CPU
		Release|Any CPU = Release|Any CPU
	EndGlobalSection
	GlobalSection(ProjectConfigurationPlatforms) = postSolution
		{6A65CDBB-C801-4E4E-AFB8-916834CDEE3D}.Debug|Any CPU.ActiveCfg = Debug|Any CPU
		{6A65CDBB-C801-4E4E-AFB8-916834CDEE3D}.Debug|Any CPU.Build.0 = Debug|Any CPU
		{6A65CDBB-C801-4E4E-AFB8-916834CDEE3D}.Release|Any CPU.ActiveCfg = Release|Any CPU
		{6A65CDBB-C801-4E4E-AFB8-916834CDEE3D}.Release|Any CPU.Build.0 = Release|Any CPU
	EndGlobalSection
	GlobalSection(SolutionProperties) = preSolution
		HideSolutionNode = FALSE
	EndGlobalSection
	GlobalSection(ExtensibilityGlobals) = postSolution
		SolutionGuid = {3DA2C26A-B5AF-4372-B630-AF25ADF9210A}
	EndGlobalSection
EndGlobal
